
Microsoft Visual Studio Solution File, Format Version 12.00
# Visual Studio 15
VisualStudioVersion = 15.0.28307.421
MinimumVisualStudioVersion = 10.0.40219.1
Project("{FAE04EC0-301F-11D3-BF4B-00C04F79EFBC}") = "UnitClass", "UnitClass\UnitClass.csproj", "{DD9111A4-27E9-4BEE-8F6B-0A2D4E9E22D5}"
EndProject
Global
	GlobalSection(SolutionConfigurationPlatforms) = preSolution
		Debug|Any CPU = Debug|Any CPU
		Release|Any CPU = Release|Any CPU
	EndGlobalSection
	GlobalSection(ProjectConfigurationPlatforms) = postSolution
		{DD9111A4-27E9-4BEE-8F6B-0A2D4E9E22D5}.Debug|Any CPU.ActiveCfg = Debug|Any CPU
		{DD9111A4-27E9-4BEE-8F6B-0A2D4E9E22D5}.Debug|Any CPU.Build.0 = Debug|Any CPU
		{DD9111A4-27E9-4BEE-8F6B-0A2D4E9E22D5}.Release|Any CPU.ActiveCfg = Release|Any CPU
		{DD9111A4-27E9-4BEE-8F6B-0A2D4E9E22D5}.Release|Any CPU.Build.0 = Release|Any CPU
	EndGlobalSection
	GlobalSection(SolutionProperties) = preSolution
		HideSolutionNode = FALSE
	EndGlobalSection
	GlobalSection(ExtensibilityGlobals) = postSolution
		SolutionGuid = {F0B2E103-0210-40B3-BA66-6C1923369C6A}
	EndGlobalSection
EndGlobal
